
Microsoft Visual Studio Solution File, Format Version 12.00
# Visual Studio 15
VisualStudioVersion = 15.0.27004.2005
MinimumVisualStudioVersion = 10.0.40219.1
Project("{FAE04EC0-301F-11D3-BF4B-00C04F79EFBC}") = "FCS.Contracts", "FCS.Contracts\FCS.Contracts.csproj", "{07896179-1561-48AF-A571-5737DF737062}"
EndProject
Project("{FAE04EC0-301F-11D3-BF4B-00C04F79EFBC}") = "FCS.Core", "FCS.Core\FCS.Core.csproj", "{2A9DE0D4-E306-47C8-956B-FF3DE03AC0E1}"
EndProject
Project("{FAE04EC0-301F-11D3-BF4B-00C04F79EFBC}") = "FCS.Models", "FCS.Models\FCS.Models.csproj", "{9FABEE64-DA69-40B8-A793-B1CE443E0134}"
EndProject
Project("{FAE04EC0-301F-11D3-BF4B-00C04F79EFBC}") = "FSC.Common", "FSC.Common\FSC.Common.csproj", "{DA422E9E-FFC9-44AA-B805-4FB07E1D660E}"
EndProject
Project("{FAE04EC0-301F-11D3-BF4B-00C04F79EFBC}") = "FCS.Utils", "FCS.Utils\FCS.Utils.csproj", "{BC850620-455F-4401-BD8E-EB82134D2CCA}"
EndProject
Project("{FAE04EC0-301F-11D3-BF4B-00C04F79EFBC}") = "FCS.ConsoleClient", "FCS.ConsoleClient\FCS.ConsoleClient.csproj", "{264BB6D6-AE28-4ABF-82CA-DE28786EE9D4}"
EndProject
Global
	GlobalSection(SolutionConfigurationPlatforms) = preSolution
		Debug|Any CPU = Debug|Any CPU
		Release|Any CPU = Release|Any CPU
	EndGlobalSection
	GlobalSection(ProjectConfigurationPlatforms) = postSolution
		{07896179-1561-48AF-A571-5737DF737062}.Debug|Any CPU.ActiveCfg = Debug|Any CPU
		{07896179-1561-48AF-A571-5737DF737062}.Debug|Any CPU.Build.0 = Debug|Any CPU
		{07896179-1561-48AF-A571-5737DF737062}.Release|Any CPU.ActiveCfg = Release|Any CPU
		{07896179-1561-48AF-A571-5737DF737062}.Release|Any CPU.Build.0 = Release|Any CPU
		{2A9DE0D4-E306-47C8-956B-FF3DE03AC0E1}.Debug|Any CPU.ActiveCfg = Debug|Any CPU
		{2A9DE0D4-E306-47C8-956B-FF3DE03AC0E1}.Debug|Any CPU.Build.0 = Debug|Any CPU
		{2A9DE0D4-E306-47C8-956B-FF3DE03AC0E1}.Release|Any CPU.ActiveCfg = Release|Any CPU
		{2A9DE0D4-E306-47C8-956B-FF3DE03AC0E1}.Release|Any CPU.Build.0 = Release|Any CPU
		{9FABEE64-DA69-40B8-A793-B1CE443E0134}.Debug|Any CPU.ActiveCfg = Debug|Any CPU
		{9FABEE64-DA69-40B8-A793-B1CE443E0134}.Debug|Any CPU.Build.0 = Debug|Any CPU
		{9FABEE64-DA69-40B8-A793-B1CE443E0134}.Release|Any CPU.ActiveCfg = Release|Any CPU
		{9FABEE64-DA69-40B8-A793-B1CE443E0134}.Release|Any CPU.Build.0 = Release|Any CPU
		{DA422E9E-FFC9-44AA-B805-4FB07E1D660E}.Debug|Any CPU.ActiveCfg = Debug|Any CPU
		{DA422E9E-FFC9-44AA-B805-4FB07E1D660E}.Debug|Any CPU.Build.0 = Debug|Any CPU
		{DA422E9E-FFC9-44AA-B805-4FB07E1D660E}.Release|Any CPU.ActiveCfg = Release|Any CPU
		{DA422E9E-FFC9-44AA-B805-4FB07E1D660E}.Release|Any CPU.Build.0 = Release|Any CPU
		{BC850620-455F-4401-BD8E-EB82134D2CCA}.Debug|Any CPU.ActiveCfg = Debug|Any CPU
		{BC850620-455F-4401-BD8E-EB82134D2CCA}.Debug|Any CPU.Build.0 = Debug|Any CPU
		{BC850620-455F-4401-BD8E-EB82134D2CCA}.Release|Any CPU.ActiveCfg = Release|Any CPU
		{BC850620-455F-4401-BD8E-EB82134D2CCA}.Release|Any CPU.Build.0 = Release|Any CPU
		{264BB6D6-AE28-4ABF-82CA-DE28786EE9D4}.Debug|Any CPU.ActiveCfg = Debug|Any CPU
		{264BB6D6-AE28-4ABF-82CA-DE28786EE9D4}.Debug|Any CPU.Build.0 = Debug|Any CPU
		{264BB6D6-AE28-4ABF-82CA-DE28786EE9D4}.Release|Any CPU.ActiveCfg = Release|Any CPU
		{264BB6D6-AE28-4ABF-82CA-DE28786EE9D4}.Release|Any CPU.Build.0 = Release|Any CPU
	EndGlobalSection
	GlobalSection(SolutionProperties) = preSolution
		HideSolutionNode = FALSE
	EndGlobalSection
	GlobalSection(ExtensibilityGlobals) = postSolution
		SolutionGuid = {391509A0-C4B9-45D7-98F0-45F90A77451D}
	EndGlobalSection
EndGlobal
